
Microsoft Visual Studio Solution File, Format Version 12.00
# Visual Studio Version 17
Project("{2150E333-8FDC-42A3-9474-1A3956D46DE8}") = "CMakePredefinedTargets", "CMakePredefinedTargets", "{B1A78220-52E0-3AF1-9770-386A9C182332}"
EndProject
Project("{2150E333-8FDC-42A3-9474-1A3956D46DE8}") = "CTestDashboardTargets", "CTestDashboardTargets", "{6F6AC35F-823A-38EC-9E78-4B23CBB2AC5B}"
EndProject
Project("{8BC9CEB8-8B4A-11D0-8D11-00A0C91BC942}") = "DirectXTK12", "DirectXTK12.vcxproj", "{62F53D41-6EBC-31FB-9035-088D7A0D14D8}"
	ProjectSection(ProjectDependencies) = postProject
		{E2D7949E-15C1-3F11-B43E-37885698CD7B} = {E2D7949E-15C1-3F11-B43E-37885698CD7B}
	EndProjectSection
EndProject
Project("{8BC9CEB8-8B4A-11D0-8D11-00A0C91BC942}") = "ALL_BUILD", "ALL_BUILD.vcxproj", "{20AE65E5-9BEE-3DCF-A620-2BD48B0AB68B}"
	ProjectSection(ProjectDependencies) = postProject
		{62F53D41-6EBC-31FB-9035-088D7A0D14D8} = {62F53D41-6EBC-31FB-9035-088D7A0D14D8}
		{E2D7949E-15C1-3F11-B43E-37885698CD7B} = {E2D7949E-15C1-3F11-B43E-37885698CD7B}
	EndProjectSection
EndProject
Project("{8BC9CEB8-8B4A-11D0-8D11-00A0C91BC942}") = "Continuous", "Continuous.vcxproj", "{A457A37D-5434-32B8-AE8A-97DB70B23843}"
	ProjectSection(ProjectDependencies) = postProject
		{E2D7949E-15C1-3F11-B43E-37885698CD7B} = {E2D7949E-15C1-3F11-B43E-37885698CD7B}
	EndProjectSection
EndProject
Project("{8BC9CEB8-8B4A-11D0-8D11-00A0C91BC942}") = "Experimental", "Experimental.vcxproj", "{772D93C9-36C6-3B6A-952C-8764C213EA15}"
	ProjectSection(ProjectDependencies) = postProject
		{E2D7949E-15C1-3F11-B43E-37885698CD7B} = {E2D7949E-15C1-3F11-B43E-37885698CD7B}
	EndProjectSection
EndProject
Project("{8BC9CEB8-8B4A-11D0-8D11-00A0C91BC942}") = "INSTALL", "INSTALL.vcxproj", "{B8F0378E-F1B7-3F56-8AEB-5EDDB9DF5174}"
	ProjectSection(ProjectDependencies) = postProject
		{20AE65E5-9BEE-3DCF-A620-2BD48B0AB68B} = {20AE65E5-9BEE-3DCF-A620-2BD48B0AB68B}
		{E2D7949E-15C1-3F11-B43E-37885698CD7B} = {E2D7949E-15C1-3F11-B43E-37885698CD7B}
	EndProjectSection
EndProject
Project("{8BC9CEB8-8B4A-11D0-8D11-00A0C91BC942}") = "Nightly", "Nightly.vcxproj", "{68E9D17A-8F82-380F-810D-B623B9BFA11A}"
	ProjectSection(ProjectDependencies) = postProject
		{E2D7949E-15C1-3F11-B43E-37885698CD7B} = {E2D7949E-15C1-3F11-B43E-37885698CD7B}
	EndProjectSection
EndProject
Project("{8BC9CEB8-8B4A-11D0-8D11-00A0C91BC942}") = "NightlyMemoryCheck", "NightlyMemoryCheck.vcxproj", "{30CB6981-15D0-32D0-B3F5-CFD4AF7A6582}"
	ProjectSection(ProjectDependencies) = postProject
		{E2D7949E-15C1-3F11-B43E-37885698CD7B} = {E2D7949E-15C1-3F11-B43E-37885698CD7B}
	EndProjectSection
EndProject
Project("{8BC9CEB8-8B4A-11D0-8D11-00A0C91BC942}") = "ZERO_CHECK", "..\\ZERO_CHECK.vcxproj", "{E2D7949E-15C1-3F11-B43E-37885698CD7B}"
	ProjectSection(ProjectDependencies) = postProject
	EndProjectSection
EndProject
Global
	GlobalSection(SolutionConfigurationPlatforms) = preSolution
		Debug|x64 = Debug|x64
		Release|x64 = Release|x64
		MinSizeRel|x64 = MinSizeRel|x64
		RelWithDebInfo|x64 = RelWithDebInfo|x64
	EndGlobalSection
	GlobalSection(ProjectConfigurationPlatforms) = postSolution
		{62F53D41-6EBC-31FB-9035-088D7A0D14D8}.Debug|x64.ActiveCfg = Debug|x64
		{62F53D41-6EBC-31FB-9035-088D7A0D14D8}.Debug|x64.Build.0 = Debug|x64
		{62F53D41-6EBC-31FB-9035-088D7A0D14D8}.Release|x64.ActiveCfg = Release|x64
		{62F53D41-6EBC-31FB-9035-088D7A0D14D8}.Release|x64.Build.0 = Release|x64
		{62F53D41-6EBC-31FB-9035-088D7A0D14D8}.MinSizeRel|x64.ActiveCfg = MinSizeRel|x64
		{62F53D41-6EBC-31FB-9035-088D7A0D14D8}.MinSizeRel|x64.Build.0 = MinSizeRel|x64
		{62F53D41-6EBC-31FB-9035-088D7A0D14D8}.RelWithDebInfo|x64.ActiveCfg = RelWithDebInfo|x64
		{62F53D41-6EBC-31FB-9035-088D7A0D14D8}.RelWithDebInfo|x64.Build.0 = RelWithDebInfo|x64
		{20AE65E5-9BEE-3DCF-A620-2BD48B0AB68B}.Debug|x64.ActiveCfg = Debug|x64
		{20AE65E5-9BEE-3DCF-A620-2BD48B0AB68B}.Debug|x64.Build.0 = Debug|x64
		{20AE65E5-9BEE-3DCF-A620-2BD48B0AB68B}.Release|x64.ActiveCfg = Release|x64
		{20AE65E5-9BEE-3DCF-A620-2BD48B0AB68B}.Release|x64.Build.0 = Release|x64
		{20AE65E5-9BEE-3DCF-A620-2BD48B0AB68B}.MinSizeRel|x64.ActiveCfg = MinSizeRel|x64
		{20AE65E5-9BEE-3DCF-A620-2BD48B0AB68B}.MinSizeRel|x64.Build.0 = MinSizeRel|x64
		{20AE65E5-9BEE-3DCF-A620-2BD48B0AB68B}.RelWithDebInfo|x64.ActiveCfg = RelWithDebInfo|x64
		{20AE65E5-9BEE-3DCF-A620-2BD48B0AB68B}.RelWithDebInfo|x64.Build.0 = RelWithDebInfo|x64
		{A457A37D-5434-32B8-AE8A-97DB70B23843}.Debug|x64.ActiveCfg = Debug|x64
		{A457A37D-5434-32B8-AE8A-97DB70B23843}.Release|x64.ActiveCfg = Release|x64
		{A457A37D-5434-32B8-AE8A-97DB70B23843}.MinSizeRel|x64.ActiveCfg = MinSizeRel|x64
		{A457A37D-5434-32B8-AE8A-97DB70B23843}.RelWithDebInfo|x64.ActiveCfg = RelWithDebInfo|x64
		{772D93C9-36C6-3B6A-952C-8764C213EA15}.Debug|x64.ActiveCfg = Debug|x64
		{772D93C9-36C6-3B6A-952C-8764C213EA15}.Release|x64.ActiveCfg = Release|x64
		{772D93C9-36C6-3B6A-952C-8764C213EA15}.MinSizeRel|x64.ActiveCfg = MinSizeRel|x64
		{772D93C9-36C6-3B6A-952C-8764C213EA15}.RelWithDebInfo|x64.ActiveCfg = RelWithDebInfo|x64
		{B8F0378E-F1B7-3F56-8AEB-5EDDB9DF5174}.Debug|x64.ActiveCfg = Debug|x64
		{B8F0378E-F1B7-3F56-8AEB-5EDDB9DF5174}.Release|x64.ActiveCfg = Release|x64
		{B8F0378E-F1B7-3F56-8AEB-5EDDB9DF5174}.MinSizeRel|x64.ActiveCfg = MinSizeRel|x64
		{B8F0378E-F1B7-3F56-8AEB-5EDDB9DF5174}.RelWithDebInfo|x64.ActiveCfg = RelWithDebInfo|x64
		{68E9D17A-8F82-380F-810D-B623B9BFA11A}.Debug|x64.ActiveCfg = Debug|x64
		{68E9D17A-8F82-380F-810D-B623B9BFA11A}.Release|x64.ActiveCfg = Release|x64
		{68E9D17A-8F82-380F-810D-B623B9BFA11A}.MinSizeRel|x64.ActiveCfg = MinSizeRel|x64
		{68E9D17A-8F82-380F-810D-B623B9BFA11A}.RelWithDebInfo|x64.ActiveCfg = RelWithDebInfo|x64
		{30CB6981-15D0-32D0-B3F5-CFD4AF7A6582}.Debug|x64.ActiveCfg = Debug|x64
		{30CB6981-15D0-32D0-B3F5-CFD4AF7A6582}.Release|x64.ActiveCfg = Release|x64
		{30CB6981-15D0-32D0-B3F5-CFD4AF7A6582}.MinSizeRel|x64.ActiveCfg = MinSizeRel|x64
		{30CB6981-15D0-32D0-B3F5-CFD4AF7A6582}.RelWithDebInfo|x64.ActiveCfg = RelWithDebInfo|x64
		{E2D7949E-15C1-3F11-B43E-37885698CD7B}.Debug|x64.ActiveCfg = Debug|x64
		{E2D7949E-15C1-3F11-B43E-37885698CD7B}.Debug|x64.Build.0 = Debug|x64
		{E2D7949E-15C1-3F11-B43E-37885698CD7B}.Release|x64.ActiveCfg = Release|x64
		{E2D7949E-15C1-3F11-B43E-37885698CD7B}.Release|x64.Build.0 = Release|x64
		{E2D7949E-15C1-3F11-B43E-37885698CD7B}.MinSizeRel|x64.ActiveCfg = MinSizeRel|x64
		{E2D7949E-15C1-3F11-B43E-37885698CD7B}.MinSizeRel|x64.Build.0 = MinSizeRel|x64
		{E2D7949E-15C1-3F11-B43E-37885698CD7B}.RelWithDebInfo|x64.ActiveCfg = RelWithDebInfo|x64
		{E2D7949E-15C1-3F11-B43E-37885698CD7B}.RelWithDebInfo|x64.Build.0 = RelWithDebInfo|x64
	EndGlobalSection
	GlobalSection(NestedProjects) = preSolution
		{20AE65E5-9BEE-3DCF-A620-2BD48B0AB68B} = {B1A78220-52E0-3AF1-9770-386A9C182332}
		{B8F0378E-F1B7-3F56-8AEB-5EDDB9DF5174} = {B1A78220-52E0-3AF1-9770-386A9C182332}
		{E2D7949E-15C1-3F11-B43E-37885698CD7B} = {B1A78220-52E0-3AF1-9770-386A9C182332}
		{A457A37D-5434-32B8-AE8A-97DB70B23843} = {6F6AC35F-823A-38EC-9E78-4B23CBB2AC5B}
		{772D93C9-36C6-3B6A-952C-8764C213EA15} = {6F6AC35F-823A-38EC-9E78-4B23CBB2AC5B}
		{68E9D17A-8F82-380F-810D-B623B9BFA11A} = {6F6AC35F-823A-38EC-9E78-4B23CBB2AC5B}
		{30CB6981-15D0-32D0-B3F5-CFD4AF7A6582} = {6F6AC35F-823A-38EC-9E78-4B23CBB2AC5B}
	EndGlobalSection
	GlobalSection(ExtensibilityGlobals) = postSolution
		SolutionGuid = {F847F9FB-3CC1-3FFF-81C9-8C3CD9A2585A}
	EndGlobalSection
	GlobalSection(ExtensibilityAddIns) = postSolution
	EndGlobalSection
EndGlobal
