<?xml version="1.0" encoding="utf-8"?>
<Project ToolsVersion="17.0" xmlns="http://schemas.microsoft.com/developer/msbuild/2003">
  <ItemGroup>
    <CustomBuild Include="C:\Users\iacco\Desktop\DistributedRendering\build_vs2022\CMakeFiles\a28abd81be4649fe1e32218c16de6061\Nightly.rule">
      <Filter>CMake Rules</Filter>
    </CustomBuild>
    <CustomBuild Include="C:\Users\iacco\Desktop\DistributedRendering\DirectXTK12\CMakeLists.txt" />
  </ItemGroup>
  <ItemGroup>
    <None Include="C:\Users\iacco\Desktop\DistributedRendering\build_vs2022\DirectXTK12\CMakeFiles\Nightly" />
  </ItemGroup>
  <ItemGroup>
    <Filter Include="CMake Rules">
      <UniqueIdentifier>{A14EB9A4-C102-3774-983E-F509855500B0}</UniqueIdentifier>
    </Filter>
  </ItemGroup>
</Project>
