<?xml version="1.0" encoding="utf-8"?>
<Project ToolsVersion="17.0" xmlns="http://schemas.microsoft.com/developer/msbuild/2003">
  <ItemGroup>
    <ClCompile Include="C:\Users\iacco\Desktop\DistributedRendering\LocalIllumination\main.cpp">
      <Filter>Source Files</Filter>
    </ClCompile>
  </ItemGroup>
  <ItemGroup>
    <CustomBuild Include="C:\Users\iacco\Desktop\DistributedRendering\LocalIllumination\CMakeLists.txt" />
  </ItemGroup>
  <ItemGroup>
    <Filter Include="Source Files">
      <UniqueIdentifier>{75F14789-FFBA-3DEF-A7A4-74731DABDF64}</UniqueIdentifier>
    </Filter>
  </ItemGroup>
</Project>
