<?xml version="1.0" encoding="utf-8"?>
<Project ToolsVersion="17.0" xmlns="http://schemas.microsoft.com/developer/msbuild/2003">
  <ItemGroup>
    <CustomBuild Include="C:\Users\iacco\Desktop\DistributedRendering\build_vs2022\CMakeFiles\519114000b039d0b3394020c81b7eb2c\INSTALL_force.rule">
      <Filter>CMake Rules</Filter>
    </CustomBuild>
  </ItemGroup>
  <ItemGroup>
    <Filter Include="CMake Rules">
      <UniqueIdentifier>{A14EB9A4-C102-3774-983E-F509855500B0}</UniqueIdentifier>
    </Filter>
  </ItemGroup>
</Project>
